{
  "requires": true,
  "lockfileVersion": 1,
  "dependencies": {
    "nonblockjs": {
      "version": "1.0.8",
      "resolved": "https://registry.npmjs.org/nonblockjs/-/nonblockjs-1.0.8.tgz",
      "integrity": "sha512-9TV8Ub+5/yts4TYPlVVL3KwOdU3VKW9agHRmkTJVTOGjNVx+P7b7NzqVBMSJMA0zY1vwfnNQXzZwYwDzb0R9OA=="
    }
  }
}
